
Microsoft Visual Studio Solution File, Format Version 12.00
# Visual Studio Version 17
VisualStudioVersion = 17.3.32929.385
MinimumVisualStudioVersion = 10.0.40219.1
Project("{9A19103F-16F7-4668-BE54-9A1E7A4F7556}") = "JoS", "JoS\JoS.csproj", "{D84821A9-591A-4701-9475-BC789C4AA529}"
EndProject
Project("{9A19103F-16F7-4668-BE54-9A1E7A4F7556}") = "JoS.Wpf", "JoS.Wpf\JoS.Wpf.csproj", "{0473F7DA-1527-41D3-8A3A-A18B706F3155}"
EndProject
Project("{FAE04EC0-301F-11D3-BF4B-00C04F79EFBC}") = "JoS.DataBase", "JoS.DataBase\JoS.DataBase.csproj", "{AE8F1C9E-652D-4634-BFBE-1231D90EA86F}"
EndProject
Global
	GlobalSection(SolutionConfigurationPlatforms) = preSolution
		Debug|Any CPU = Debug|Any CPU
		Release|Any CPU = Release|Any CPU
	EndGlobalSection
	GlobalSection(ProjectConfigurationPlatforms) = postSolution
		{D84821A9-591A-4701-9475-BC789C4AA529}.Debug|Any CPU.ActiveCfg = Debug|Any CPU
		{D84821A9-591A-4701-9475-BC789C4AA529}.Debug|Any CPU.Build.0 = Debug|Any CPU
		{D84821A9-591A-4701-9475-BC789C4AA529}.Release|Any CPU.ActiveCfg = Release|Any CPU
		{D84821A9-591A-4701-9475-BC789C4AA529}.Release|Any CPU.Build.0 = Release|Any CPU
		{0473F7DA-1527-41D3-8A3A-A18B706F3155}.Debug|Any CPU.ActiveCfg = Debug|Any CPU
		{0473F7DA-1527-41D3-8A3A-A18B706F3155}.Debug|Any CPU.Build.0 = Debug|Any CPU
		{0473F7DA-1527-41D3-8A3A-A18B706F3155}.Release|Any CPU.ActiveCfg = Release|Any CPU
		{0473F7DA-1527-41D3-8A3A-A18B706F3155}.Release|Any CPU.Build.0 = Release|Any CPU
		{AE8F1C9E-652D-4634-BFBE-1231D90EA86F}.Debug|Any CPU.ActiveCfg = Debug|Any CPU
		{AE8F1C9E-652D-4634-BFBE-1231D90EA86F}.Debug|Any CPU.Build.0 = Debug|Any CPU
		{AE8F1C9E-652D-4634-BFBE-1231D90EA86F}.Release|Any CPU.ActiveCfg = Release|Any CPU
		{AE8F1C9E-652D-4634-BFBE-1231D90EA86F}.Release|Any CPU.Build.0 = Release|Any CPU
	EndGlobalSection
	GlobalSection(SolutionProperties) = preSolution
		HideSolutionNode = FALSE
	EndGlobalSection
	GlobalSection(ExtensibilityGlobals) = postSolution
		SolutionGuid = {8D1E1C1C-1644-491C-9E35-2B24602B2370}
	EndGlobalSection
EndGlobal
